
Microsoft Visual Studio Solution File, Format Version 12.00
# Visual Studio Version 16
VisualStudioVersion = 16.0.30406.217
MinimumVisualStudioVersion = 10.0.40219.1
Project("{FAE04EC0-301F-11D3-BF4B-00C04F79EFBC}") = "MSM6295Loader", "MSM6295Loader.csproj", "{F5B314B7-B12F-43D6-9C5A-D4DE880AE593}"
EndProject
Global
	GlobalSection(SolutionConfigurationPlatforms) = preSolution
		Debug|Any CPU = Debug|Any CPU
		Release|Any CPU = Release|Any CPU
	EndGlobalSection
	GlobalSection(ProjectConfigurationPlatforms) = postSolution
		{F5B314B7-B12F-43D6-9C5A-D4DE880AE593}.Debug|Any CPU.ActiveCfg = Debug|Any CPU
		{F5B314B7-B12F-43D6-9C5A-D4DE880AE593}.Debug|Any CPU.Build.0 = Debug|Any CPU
		{F5B314B7-B12F-43D6-9C5A-D4DE880AE593}.Release|Any CPU.ActiveCfg = Release|Any CPU
		{F5B314B7-B12F-43D6-9C5A-D4DE880AE593}.Release|Any CPU.Build.0 = Release|Any CPU
	EndGlobalSection
	GlobalSection(SolutionProperties) = preSolution
		HideSolutionNode = FALSE
	EndGlobalSection
	GlobalSection(ExtensibilityGlobals) = postSolution
		SolutionGuid = {A527B2D8-5070-439B-84F8-78E0730D79BB}
	EndGlobalSection
EndGlobal
